
Microsoft Visual Studio Solution File, Format Version 12.00
# Visual Studio Version 16
VisualStudioVersion = 16.0.30907.101
MinimumVisualStudioVersion = 10.0.40219.1
Project("{FAE04EC0-301F-11D3-BF4B-00C04F79EFBC}") = "Spremanje_podataka", "Spremanje_podataka\Spremanje_podataka.csproj", "{B09EB0F3-14DC-45FE-8190-E822F20769ED}"
EndProject
Global
	GlobalSection(SolutionConfigurationPlatforms) = preSolution
		Debug|Any CPU = Debug|Any CPU
		Release|Any CPU = Release|Any CPU
	EndGlobalSection
	GlobalSection(ProjectConfigurationPlatforms) = postSolution
		{B09EB0F3-14DC-45FE-8190-E822F20769ED}.Debug|Any CPU.ActiveCfg = Debug|Any CPU
		{B09EB0F3-14DC-45FE-8190-E822F20769ED}.Debug|Any CPU.Build.0 = Debug|Any CPU
		{B09EB0F3-14DC-45FE-8190-E822F20769ED}.Release|Any CPU.ActiveCfg = Release|Any CPU
		{B09EB0F3-14DC-45FE-8190-E822F20769ED}.Release|Any CPU.Build.0 = Release|Any CPU
	EndGlobalSection
	GlobalSection(SolutionProperties) = preSolution
		HideSolutionNode = FALSE
	EndGlobalSection
	GlobalSection(ExtensibilityGlobals) = postSolution
		SolutionGuid = {647E5956-EAEA-431D-8B96-9E0E69FA0B5C}
	EndGlobalSection
EndGlobal
